
Microsoft Visual Studio Solution File, Format Version 12.00
# Visual Studio Version 16
VisualStudioVersion = 16.0.31005.135
MinimumVisualStudioVersion = 10.0.40219.1
Project("{FAE04EC0-301F-11D3-BF4B-00C04F79EFBC}") = "Shop.Web", "Shop.Web\Shop.Web.csproj", "{98116DF8-60B1-4206-BD9B-229F6D95AD13}"
EndProject
Project("{FAE04EC0-301F-11D3-BF4B-00C04F79EFBC}") = "Shop.UnitTest", "Shop.UnitTest\Shop.UnitTest.csproj", "{83CAB1C5-09A0-48CE-BCCA-B805F377CB81}"
EndProject
Project("{FAE04EC0-301F-11D3-BF4B-00C04F79EFBC}") = "Shop.Common", "Shop.Common\Shop.Common.csproj", "{F03286CD-36E0-4299-9F0F-ADDD5079980A}"
EndProject
Project("{FAE04EC0-301F-11D3-BF4B-00C04F79EFBC}") = "Shop.Model", "Shop.Model\Shop.Model.csproj", "{1D17DE67-6691-4D3B-8F8F-870ADD45D21A}"
EndProject
Project("{FAE04EC0-301F-11D3-BF4B-00C04F79EFBC}") = "Shop.Data", "Shop.Data\Shop.Data.csproj", "{F3F642B8-0942-4979-8FC0-0D829AA163D6}"
EndProject
Project("{FAE04EC0-301F-11D3-BF4B-00C04F79EFBC}") = "Shop.Service", "Shop.Service\Shop.Service.csproj", "{EEDDAD39-B827-4A20-9675-9BF4F2242B40}"
EndProject
Global
	GlobalSection(SolutionConfigurationPlatforms) = preSolution
		Debug|Any CPU = Debug|Any CPU
		Release|Any CPU = Release|Any CPU
	EndGlobalSection
	GlobalSection(ProjectConfigurationPlatforms) = postSolution
		{98116DF8-60B1-4206-BD9B-229F6D95AD13}.Debug|Any CPU.ActiveCfg = Debug|Any CPU
		{98116DF8-60B1-4206-BD9B-229F6D95AD13}.Debug|Any CPU.Build.0 = Debug|Any CPU
		{98116DF8-60B1-4206-BD9B-229F6D95AD13}.Release|Any CPU.ActiveCfg = Release|Any CPU
		{98116DF8-60B1-4206-BD9B-229F6D95AD13}.Release|Any CPU.Build.0 = Release|Any CPU
		{83CAB1C5-09A0-48CE-BCCA-B805F377CB81}.Debug|Any CPU.ActiveCfg = Debug|Any CPU
		{83CAB1C5-09A0-48CE-BCCA-B805F377CB81}.Debug|Any CPU.Build.0 = Debug|Any CPU
		{83CAB1C5-09A0-48CE-BCCA-B805F377CB81}.Release|Any CPU.ActiveCfg = Release|Any CPU
		{83CAB1C5-09A0-48CE-BCCA-B805F377CB81}.Release|Any CPU.Build.0 = Release|Any CPU
		{F03286CD-36E0-4299-9F0F-ADDD5079980A}.Debug|Any CPU.ActiveCfg = Debug|Any CPU
		{F03286CD-36E0-4299-9F0F-ADDD5079980A}.Debug|Any CPU.Build.0 = Debug|Any CPU
		{F03286CD-36E0-4299-9F0F-ADDD5079980A}.Release|Any CPU.ActiveCfg = Release|Any CPU
		{F03286CD-36E0-4299-9F0F-ADDD5079980A}.Release|Any CPU.Build.0 = Release|Any CPU
		{1D17DE67-6691-4D3B-8F8F-870ADD45D21A}.Debug|Any CPU.ActiveCfg = Debug|Any CPU
		{1D17DE67-6691-4D3B-8F8F-870ADD45D21A}.Debug|Any CPU.Build.0 = Debug|Any CPU
		{1D17DE67-6691-4D3B-8F8F-870ADD45D21A}.Release|Any CPU.ActiveCfg = Release|Any CPU
		{1D17DE67-6691-4D3B-8F8F-870ADD45D21A}.Release|Any CPU.Build.0 = Release|Any CPU
		{F3F642B8-0942-4979-8FC0-0D829AA163D6}.Debug|Any CPU.ActiveCfg = Debug|Any CPU
		{F3F642B8-0942-4979-8FC0-0D829AA163D6}.Debug|Any CPU.Build.0 = Debug|Any CPU
		{F3F642B8-0942-4979-8FC0-0D829AA163D6}.Release|Any CPU.ActiveCfg = Release|Any CPU
		{F3F642B8-0942-4979-8FC0-0D829AA163D6}.Release|Any CPU.Build.0 = Release|Any CPU
		{EEDDAD39-B827-4A20-9675-9BF4F2242B40}.Debug|Any CPU.ActiveCfg = Debug|Any CPU
		{EEDDAD39-B827-4A20-9675-9BF4F2242B40}.Debug|Any CPU.Build.0 = Debug|Any CPU
		{EEDDAD39-B827-4A20-9675-9BF4F2242B40}.Release|Any CPU.ActiveCfg = Release|Any CPU
		{EEDDAD39-B827-4A20-9675-9BF4F2242B40}.Release|Any CPU.Build.0 = Release|Any CPU
	EndGlobalSection
	GlobalSection(SolutionProperties) = preSolution
		HideSolutionNode = FALSE
	EndGlobalSection
	GlobalSection(ExtensibilityGlobals) = postSolution
		SolutionGuid = {1FAC9780-71F1-46E8-9BB5-A1AE4E5961FA}
	EndGlobalSection
EndGlobal
